lockVersion: 2.0.0
id: c217a4dc-b164-451f-b23e-6a1f28191c1b
management:
  docChecksum: ad0e1a1e516978eea021607b751db9f1
  docVersion: "0.1"
  speakeasyVersion: 1.213.0
  generationVersion: 2.283.1
  releaseVersion: 0.5.6
  configChecksum: 3579bec8286c7895264cb16f623e44e7
  repoURL: https://github.com/speakeasy-sdks/spendesk-dev-sample-sdk.git
  repoSubDirectory: .
  installationURL: https://github.com/speakeasy-sdks/spendesk-dev-sample-sdk
features:
  typescript:
    core: 3.4.8
    globalSecurity: 2.82.5
    globalServerURLs: 2.82.2
    methodSecurity: 2.82.0
generatedFiles:
  - src/sdk/accounts.ts
  - src/sdk/authentication.ts
  - src/sdk/spenddata.ts
  - src/sdk/oauth2.ts
  - src/sdk/suppliersandusers.ts
  - src/sdk/sdk.ts
  - .eslintrc.yml
  - jest.config.js
  - package-lock.json
  - package.json
  - src/index.ts
  - src/internal/utils/contenttype.ts
  - src/internal/utils/headers.ts
  - src/internal/utils/index.ts
  - src/internal/utils/pathparams.ts
  - src/internal/utils/queryparams.ts
  - src/internal/utils/requestbody.ts
  - src/internal/utils/retries.ts
  - src/internal/utils/security.ts
  - src/internal/utils/utils.ts
  - src/sdk/index.ts
  - src/sdk/models/errors/sdkerror.ts
  - src/sdk/types/index.ts
  - src/sdk/types/rfcdate.ts
  - tsconfig.json
  - src/sdk/models/operations/getanalyticalfields.ts
  - src/sdk/models/operations/getanalyticalvalues.ts
  - src/sdk/models/operations/getcostcenters.ts
  - src/sdk/models/operations/getemployeeaccounts.ts
  - src/sdk/models/operations/getexpensecategories.ts
  - src/sdk/models/operations/getsupplieraccounts.ts
  - src/sdk/models/operations/postaccesstoken.ts
  - src/sdk/models/operations/getbankfees.ts
  - src/sdk/models/operations/getpayableattachments.ts
  - src/sdk/models/operations/getpayables.ts
  - src/sdk/models/operations/getsettlements.ts
  - src/sdk/models/operations/getwalletloads.ts
  - src/sdk/models/operations/getwalletsummary.ts
  - src/sdk/models/operations/getauthorize.ts
  - src/sdk/models/operations/posttokencreate.ts
  - src/sdk/models/operations/posttokenrefreshjson.ts
  - src/sdk/models/operations/posttokenrefreshraw.ts
  - src/sdk/models/operations/getsuppliers.ts
  - src/sdk/models/operations/getusers.ts
  - src/sdk/models/shared/pagination.ts
  - src/sdk/models/shared/employeeaccount.ts
  - src/sdk/models/shared/supplieraccount.ts
  - src/sdk/models/shared/bankfee.ts
  - src/sdk/models/shared/attachment.ts
  - src/sdk/models/shared/payable.ts
  - src/sdk/models/shared/analyticalvalue.ts
  - src/sdk/models/shared/settlement.ts
  - src/sdk/models/shared/walletload.ts
  - src/sdk/models/shared/walletsummary.ts
  - src/sdk/models/shared/supplier.ts
  - src/sdk/models/shared/user.ts
  - src/sdk/models/shared/security.ts
  - src/sdk/models/errors/error.ts
  - src/sdk/models/errors/index.ts
  - src/sdk/models/operations/index.ts
  - src/sdk/models/shared/index.ts
  - docs/sdk/models/operations/getanalyticalfieldssecurity.md
  - docs/sdk/models/operations/getanalyticalfieldsrequest.md
  - docs/sdk/models/operations/data.md
  - docs/sdk/models/operations/getanalyticalfieldsresponsebody.md
  - docs/sdk/models/operations/getanalyticalfieldsresponse.md
  - docs/sdk/models/operations/getanalyticalvaluessecurity.md
  - docs/sdk/models/operations/getanalyticalvaluesrequest.md
  - docs/sdk/models/operations/getanalyticalvaluesdata.md
  - docs/sdk/models/operations/getanalyticalvaluesresponsebody.md
  - docs/sdk/models/operations/getanalyticalvaluesresponse.md
  - docs/sdk/models/operations/getcostcenterssecurity.md
  - docs/sdk/models/operations/getcostcentersrequest.md
  - docs/sdk/models/operations/getcostcentersdata.md
  - docs/sdk/models/operations/getcostcentersresponsebody.md
  - docs/sdk/models/operations/getcostcentersresponse.md
  - docs/sdk/models/operations/getemployeeaccountssecurity.md
  - docs/sdk/models/operations/getemployeeaccountsrequest.md
  - docs/sdk/models/operations/getemployeeaccountsresponsebody.md
  - docs/sdk/models/operations/getemployeeaccountsresponse.md
  - docs/sdk/models/operations/getexpensecategoriessecurity.md
  - docs/sdk/models/operations/getexpensecategoriesrequest.md
  - docs/sdk/models/operations/costcenters.md
  - docs/sdk/models/operations/getexpensecategoriesdata.md
  - docs/sdk/models/operations/getexpensecategoriesresponsebody.md
  - docs/sdk/models/operations/getexpensecategoriesresponse.md
  - docs/sdk/models/operations/getsupplieraccountssecurity.md
  - docs/sdk/models/operations/getsupplieraccountsrequest.md
  - docs/sdk/models/operations/getsupplieraccountsresponsebody.md
  - docs/sdk/models/operations/getsupplieraccountsresponse.md
  - docs/sdk/models/operations/granttype.md
  - docs/sdk/models/operations/postaccesstokenrequestbody.md
  - docs/sdk/models/operations/postaccesstokenrequest.md
  - docs/sdk/models/operations/postaccesstokenresponsebody.md
  - docs/sdk/models/operations/postaccesstokenresponse.md
  - docs/sdk/models/operations/getbankfeessecurity.md
  - docs/sdk/models/operations/getbankfeesrequest.md
  - docs/sdk/models/operations/getbankfeesresponsebody.md
  - docs/sdk/models/operations/getbankfeesresponse.md
  - docs/sdk/models/operations/getpayableattachmentssecurity.md
  - docs/sdk/models/operations/getpayableattachmentsrequest.md
  - docs/sdk/models/operations/getpayableattachmentsresponsebody.md
  - docs/sdk/models/operations/getpayableattachmentsresponse.md
  - docs/sdk/models/operations/getpayablessecurity.md
  - docs/sdk/models/operations/bookkeepingstatus.md
  - docs/sdk/models/operations/getpayablesrequest.md
  - docs/sdk/models/operations/pagination.md
  - docs/sdk/models/operations/meta.md
  - docs/sdk/models/operations/getpayablesresponsebody.md
  - docs/sdk/models/operations/getpayablesresponse.md
  - docs/sdk/models/operations/getsettlementssecurity.md
  - docs/sdk/models/operations/paidfrom.md
  - docs/sdk/models/operations/state.md
  - docs/sdk/models/operations/getsettlementsrequest.md
  - docs/sdk/models/operations/getsettlementsresponsebody.md
  - docs/sdk/models/operations/getsettlementsresponse.md
  - docs/sdk/models/operations/getwalletloadssecurity.md
  - docs/sdk/models/operations/getwalletloadsrequest.md
  - docs/sdk/models/operations/getwalletloadsresponsebody.md
  - docs/sdk/models/operations/getwalletloadsresponse.md
  - docs/sdk/models/operations/getwalletsummarysecurity.md
  - docs/sdk/models/operations/getwalletsummaryrequest.md
  - docs/sdk/models/operations/getwalletsummaryresponsebody.md
  - docs/sdk/models/operations/getwalletsummaryresponse.md
  - docs/sdk/models/operations/codechallengemethod.md
  - docs/sdk/models/operations/responsetype.md
  - docs/sdk/models/operations/getauthorizerequest.md
  - docs/sdk/models/operations/getauthorizeresponse.md
  - docs/sdk/models/operations/posttokencreategranttype.md
  - docs/sdk/models/operations/posttokencreaterequestbody.md
  - docs/sdk/models/operations/tokentype.md
  - docs/sdk/models/operations/posttokencreateresponsebody.md
  - docs/sdk/models/operations/posttokencreateresponse.md
  - docs/sdk/models/operations/posttokenrefreshjsongranttype.md
  - docs/sdk/models/operations/posttokenrefreshjsonrequestbody.md
  - docs/sdk/models/operations/posttokenrefreshjsontokentype.md
  - docs/sdk/models/operations/posttokenrefreshjsonresponsebody.md
  - docs/sdk/models/operations/posttokenrefreshjsonresponse.md
  - docs/sdk/models/operations/posttokenrefreshrequestbody.md
  - docs/sdk/models/operations/posttokenrefreshrawtokentype.md
  - docs/sdk/models/operations/posttokenrefreshrawresponsebody.md
  - docs/sdk/models/operations/posttokenrefreshrawresponse.md
  - docs/sdk/models/operations/getsupplierssecurity.md
  - docs/sdk/models/operations/getsuppliersrequest.md
  - docs/sdk/models/operations/getsuppliersresponsebody.md
  - docs/sdk/models/operations/getsuppliersresponse.md
  - docs/sdk/models/operations/getuserssecurity.md
  - docs/sdk/models/operations/getusersrequest.md
  - docs/sdk/models/operations/getusersresponsebody.md
  - docs/sdk/models/operations/getusersresponse.md
  - docs/sdk/models/shared/paginationpagination.md
  - docs/sdk/models/shared/pagination.md
  - docs/sdk/models/shared/defaultfor.md
  - docs/sdk/models/shared/employeeaccount.md
  - docs/sdk/models/shared/supplieraccountdefaultfor.md
  - docs/sdk/models/shared/suppliers.md
  - docs/sdk/models/shared/supplieraccount.md
  - docs/sdk/models/shared/kind.md
  - docs/sdk/models/shared/bankfee.md
  - docs/sdk/models/shared/mimetype.md
  - docs/sdk/models/shared/attachment.md
  - docs/sdk/models/shared/payablesettlement.md
  - docs/sdk/models/shared/allocations.md
  - docs/sdk/models/shared/bookkeepingstatus.md
  - docs/sdk/models/shared/accountpayable.md
  - docs/sdk/models/shared/payabletype.md
  - docs/sdk/models/shared/counterparty.md
  - docs/sdk/models/shared/notprovided.md
  - docs/sdk/models/shared/payableschemastype.md
  - docs/sdk/models/shared/provided.md
  - docs/sdk/models/shared/documentaryevidence.md
  - docs/sdk/models/shared/expenseaccount.md
  - docs/sdk/models/shared/financial.md
  - docs/sdk/models/shared/vataccount.md
  - docs/sdk/models/shared/lineitems.md
  - docs/sdk/models/shared/links.md
  - docs/sdk/models/shared/typet.md
  - docs/types/rfcdate.md
  - docs/sdk/models/shared/payable.md
  - docs/sdk/models/shared/analyticalvalue.md
  - docs/sdk/models/shared/settlementlinks.md
  - docs/sdk/models/shared/medium.md
  - docs/sdk/models/shared/paidfrom.md
  - docs/sdk/models/shared/state.md
  - docs/sdk/models/shared/settlementtype.md
  - docs/sdk/models/shared/settlement.md
  - docs/sdk/models/shared/walletloadtype.md
  - docs/sdk/models/shared/walletload.md
  - docs/sdk/models/shared/allocatedoncards.md
  - docs/sdk/models/shared/scheduledtransfersamount.md
  - docs/sdk/models/shared/status.md
  - docs/sdk/models/shared/walletsummary.md
  - docs/sdk/models/shared/supplier.md
  - docs/sdk/models/shared/user.md
  - docs/sdk/models/shared/security.md
  - docs/sdk/models/errors/errors.md
  - docs/sdk/models/errors/errort.md
  - docs/sdks/spendeskpublicapi/README.md
  - docs/sdks/accounts/README.md
  - docs/sdks/authentication/README.md
  - docs/sdks/spenddata/README.md
  - docs/sdks/oauth2/README.md
  - docs/sdks/suppliersandusers/README.md
  - USAGE.md
  - .gitattributes
